
Microsoft Visual Studio Solution File, Format Version 12.00
# Visual Studio Version 17
VisualStudioVersion = 17.10.35004.147
MinimumVisualStudioVersion = 10.0.40219.1
Project("{9A19103F-16F7-4668-BE54-9A1E7A4F7556}") = "ProgettoS5L5SabrinaCinque", "ProgettoS5L5SabrinaCinque\ProgettoS5L5SabrinaCinque.csproj", "{2FFFBE00-A0A0-4883-BD83-B0C694D03DD3}"
EndProject
Global
	GlobalSection(SolutionConfigurationPlatforms) = preSolution
		Debug|Any CPU = Debug|Any CPU
		Release|Any CPU = Release|Any CPU
	EndGlobalSection
	GlobalSection(ProjectConfigurationPlatforms) = postSolution
		{2FFFBE00-A0A0-4883-BD83-B0C694D03DD3}.Debug|Any CPU.ActiveCfg = Debug|Any CPU
		{2FFFBE00-A0A0-4883-BD83-B0C694D03DD3}.Debug|Any CPU.Build.0 = Debug|Any CPU
		{2FFFBE00-A0A0-4883-BD83-B0C694D03DD3}.Release|Any CPU.ActiveCfg = Release|Any CPU
		{2FFFBE00-A0A0-4883-BD83-B0C694D03DD3}.Release|Any CPU.Build.0 = Release|Any CPU
	EndGlobalSection
	GlobalSection(SolutionProperties) = preSolution
		HideSolutionNode = FALSE
	EndGlobalSection
	GlobalSection(ExtensibilityGlobals) = postSolution
		SolutionGuid = {D69C7B9A-88B4-4A1A-9AD0-C909FE4BAE86}
	EndGlobalSection
EndGlobal
